
Microsoft Visual Studio Solution File, Format Version 12.00
# Visual Studio Version 16
VisualStudioVersion = 25.0.1706.6
MinimumVisualStudioVersion = 10.0.40219.1
Project("{FAE04EC0-301F-11D3-BF4B-00C04F79EFBC}") = "lvfucs", "lvfucs.csproj", "{B7966ED9-6ACC-4B7E-9EDE-5B280262D5D2}"
EndProject
Global
	GlobalSection(SolutionConfigurationPlatforms) = preSolution
		Debug|Any CPU = Debug|Any CPU
		Release|Any CPU = Release|Any CPU
	EndGlobalSection
	GlobalSection(ProjectConfigurationPlatforms) = postSolution
		{B7966ED9-6ACC-4B7E-9EDE-5B280262D5D2}.Debug|Any CPU.ActiveCfg = Debug|Any CPU
		{B7966ED9-6ACC-4B7E-9EDE-5B280262D5D2}.Debug|Any CPU.Build.0 = Debug|Any CPU
		{B7966ED9-6ACC-4B7E-9EDE-5B280262D5D2}.Release|Any CPU.ActiveCfg = Release|Any CPU
		{B7966ED9-6ACC-4B7E-9EDE-5B280262D5D2}.Release|Any CPU.Build.0 = Release|Any CPU
	EndGlobalSection
	GlobalSection(SolutionProperties) = preSolution
		HideSolutionNode = FALSE
	EndGlobalSection
	GlobalSection(ExtensibilityGlobals) = postSolution
		SolutionGuid = {5E15F66D-B2B8-4E1F-B4C9-5C72C1A14AC2}
	EndGlobalSection
EndGlobal
